# THIS IS AN AUTOGENERATED FILE. DO NOT EDIT THIS FILE DIRECTLY.
# yarn lockfile v1


"@mapbox/geojson-rewind@^0.5.1":
  version "0.5.1"
  resolved "https://registry.yarnpkg.com/@mapbox/geojson-rewind/-/geojson-rewind-0.5.1.tgz#adbe16dc683eb40e90934c51a5e28c7bbf44f4e1"
  integrity sha512-eL7fMmfTBKjrb+VFHXCGv9Ot0zc3C0U+CwXo1IrP+EPwDczLoXv34Tgq3y+2mPSFNVUXgU42ILWJTC7145KPTA==
  dependencies:
    get-stream "^6.0.1"
    minimist "^1.2.5"

"@mapbox/geojson-types@^1.0.2":
  version "1.0.2"
  resolved "https://registry.yarnpkg.com/@mapbox/geojson-types/-/geojson-types-1.0.2.tgz#9aecf642cb00eab1080a57c4f949a65b4a5846d6"
  integrity sha512-e9EBqHHv3EORHrSfbR9DqecPNn+AmuAoQxV6aL8Xu30bJMJR1o8PZLZzpk1Wq7/NfCbuhmakHTPYRhoqLsXRnw==

"@mapbox/jsonlint-lines-primitives@^2.0.2":
  version "2.0.2"
  resolved "https://registry.yarnpkg.com/@mapbox/jsonlint-lines-primitives/-/jsonlint-lines-primitives-2.0.2.tgz#ce56e539f83552b58d10d672ea4d6fc9adc7b234"
  integrity sha1-zlblOfg1UrWNENZy6k1vya3HsjQ=

"@mapbox/mapbox-gl-supported@^2.0.0":
  version "2.0.1"
  resolved "https://registry.yarnpkg.com/@mapbox/mapbox-gl-supported/-/mapbox-gl-supported-2.0.1.tgz#c15367178d8bfe4765e6b47b542fe821ce259c7b"
  integrity sha512-HP6XvfNIzfoMVfyGjBckjiAOQK9WfX0ywdLubuPMPv+Vqf5fj0uCbgBQYpiqcWZT6cbyyRnTSXDheT1ugvF6UQ==

"@mapbox/point-geometry@0.1.0", "@mapbox/point-geometry@^0.1.0", "@mapbox/point-geometry@~0.1.0":
  version "0.1.0"
  resolved "https://registry.yarnpkg.com/@mapbox/point-geometry/-/point-geometry-0.1.0.tgz#8a83f9335c7860effa2eeeca254332aa0aeed8f2"
  integrity sha1-ioP5M1x4YO/6Lu7KJUMyqgru2PI=

"@mapbox/tiny-sdf@^2.0.2":
  version "2.0.4"
  resolved "https://registry.yarnpkg.com/@mapbox/tiny-sdf/-/tiny-sdf-2.0.4.tgz#497d7153a61b7cef4638b9e9e91cd37403dead07"
  integrity sha512-CBtL2rhZiYmdIryksp0zh4Mmx54iClYfNb0mpYeHrZnq4z84lVjre7LBWGPEjWspEn6AiF0lxC1HaZDye89m3g==

"@mapbox/unitbezier@^0.0.0":
  version "0.0.0"
  resolved "https://registry.yarnpkg.com/@mapbox/unitbezier/-/unitbezier-0.0.0.tgz#15651bd553a67b8581fb398810c98ad86a34524e"
  integrity sha1-FWUb1VOme4WB+zmIEMmK2Go0Uk4=

"@mapbox/vector-tile@^1.3.1":
  version "1.3.1"
  resolved "https://registry.yarnpkg.com/@mapbox/vector-tile/-/vector-tile-1.3.1.tgz#d3a74c90402d06e89ec66de49ec817ff53409666"
  integrity sha512-MCEddb8u44/xfQ3oD+Srl/tNcQoqTw3goGk2oLsrFxOTc3dUp+kAnby3PvAeeBYSMSjSPD1nd1AJA6W49WnoUw==
  dependencies:
    "@mapbox/point-geometry" "~0.1.0"

"@mapbox/whoots-js@^3.1.0":
  version "3.1.0"
  resolved "https://registry.yarnpkg.com/@mapbox/whoots-js/-/whoots-js-3.1.0.tgz#497c67a1cef50d1a2459ba60f315e448d2ad87fe"
  integrity sha512-Es6WcD0nO5l+2BOQS4uLfNPYQaNDfbot3X1XUoloz+x0mPDS3eeORZJl06HXjwBG1fOGwCRnzK88LMdxKRrd6Q==

async@^2.6.2:
  version "2.6.3"
  resolved "https://registry.yarnpkg.com/async/-/async-2.6.3.tgz#d72625e2344a3656e3a3ad4fa749fa83299d82ff"
  integrity sha512-zflvls11DCy+dQWzTW2dzuilv8Z5X/pjfmZOWba6TNIVDm+2UDaJmXSOXlasHKfNBs8oo3M0aT50fDEWfKZjXg==
  dependencies:
    lodash "^4.17.14"

basic-auth@^2.0.1:
  version "2.0.1"
  resolved "https://registry.yarnpkg.com/basic-auth/-/basic-auth-2.0.1.tgz#b998279bf47ce38344b4f3cf916d4679bbf51e3a"
  integrity sha512-NF+epuEdnUYVlGuhaxbbq+dvJttwLnGY+YixlXlME5KpQ5W3CnXA5cVTneY3SPbPDRkcjMbifrwmFYcClgOZeg==
  dependencies:
    safe-buffer "5.1.2"

call-bind@^1.0.0:
  version "1.0.2"
  resolved "https://registry.yarnpkg.com/call-bind/-/call-bind-1.0.2.tgz#b1d4e89e688119c3c9a903ad30abb2f6a919be3c"
  integrity sha512-7O+FbCihrB5WGbFYesctwmTKae6rOiIzmz1icreWJ+0aA7LJfuqhEso2T9ncpcFtzMQtzXf2QGGueWJGTYsqrA==
  dependencies:
    function-bind "^1.1.1"
    get-intrinsic "^1.0.2"

colors@^1.4.0:
  version "1.4.0"
  resolved "https://registry.yarnpkg.com/colors/-/colors-1.4.0.tgz#c50491479d4c1bdaed2c9ced32cf7c7dc2360f78"
  integrity sha512-a+UqTh4kgZg/SlGvfbzDHpgRu7AAQOmmqRHJnxhRZICKFUT91brVhNNt58CMWU9PsBbv3PDCZUHbVxuDiH2mtA==

corser@^2.0.1:
  version "2.0.1"
  resolved "https://registry.yarnpkg.com/corser/-/corser-2.0.1.tgz#8eda252ecaab5840dcd975ceb90d9370c819ff87"
  integrity sha1-jtolLsqrWEDc2XXOuQ2TcMgZ/4c=

csscolorparser@~1.0.3:
  version "1.0.3"
  resolved "https://registry.yarnpkg.com/csscolorparser/-/csscolorparser-1.0.3.tgz#b34f391eea4da8f3e98231e2ccd8df9c041f171b"
  integrity sha1-s085HupNqPPpgjHizNjfnAQfFxs=

debug@^3.1.1:
  version "3.2.7"
  resolved "https://registry.yarnpkg.com/debug/-/debug-3.2.7.tgz#72580b7e9145fb39b6676f9c5e5fb100b934179a"
  integrity sha512-CFjzYYAi4ThfiQvizrFQevTTXHtnCqWfe7x1AhgEscTz6ZbLbfoLRLPugTQyBth6f8ZERVUSyWHFD/7Wu4t1XQ==
  dependencies:
    ms "^2.1.1"

earcut@^2.2.3:
  version "2.2.3"
  resolved "https://registry.yarnpkg.com/earcut/-/earcut-2.2.3.tgz#d44ced2ff5a18859568e327dd9c7d46b16f55cf4"
  integrity sha512-iRDI1QeCQIhMCZk48DRDMVgQSSBDmbzzNhnxIo+pwx3swkfjMh6vh0nWLq1NdvGHLKH6wIrAM3vQWeTj6qeoug==

eventemitter3@^4.0.0:
  version "4.0.7"
  resolved "https://registry.yarnpkg.com/eventemitter3/-/eventemitter3-4.0.7.tgz#2de9b68f6528d5644ef5c59526a1b4a07306169f"
  integrity sha512-8guHBZCwKnFhYdHr2ysuRWErTwhoN2X8XELRlrRwpmfeY2jjuUN4taQMsULKUVo1K4DvZl+0pgfyoysHxvmvEw==

follow-redirects@^1.0.0:
  version "1.14.6"
  resolved "https://registry.yarnpkg.com/follow-redirects/-/follow-redirects-1.14.6.tgz#8cfb281bbc035b3c067d6cd975b0f6ade6e855cd"
  integrity sha512-fhUl5EwSJbbl8AR+uYL2KQDxLkdSjZGR36xy46AO7cOMTrCMON6Sa28FmAnC2tRTDbd/Uuzz3aJBv7EBN7JH8A==

function-bind@^1.1.1:
  version "1.1.1"
  resolved "https://registry.yarnpkg.com/function-bind/-/function-bind-1.1.1.tgz#a56899d3ea3c9bab874bb9773b7c5ede92f4895d"
  integrity sha512-yIovAzMX49sF8Yl58fSCWJ5svSLuaibPxXQJFLmBObTuCr0Mf1KiPopGM9NiFjiYBCbfaa2Fh6breQ6ANVTI0A==

geojson-vt@^3.2.1:
  version "3.2.1"
  resolved "https://registry.yarnpkg.com/geojson-vt/-/geojson-vt-3.2.1.tgz#f8adb614d2c1d3f6ee7c4265cad4bbf3ad60c8b7"
  integrity sha512-EvGQQi/zPrDA6zr6BnJD/YhwAkBP8nnJ9emh3EnHQKVMfg/MRVtPbMYdgVy/IaEmn4UfagD2a6fafPDL5hbtwg==

get-intrinsic@^1.0.2:
  version "1.1.1"
  resolved "https://registry.yarnpkg.com/get-intrinsic/-/get-intrinsic-1.1.1.tgz#15f59f376f855c446963948f0d24cd3637b4abc6"
  integrity sha512-kWZrnVM42QCiEA2Ig1bG8zjoIMOgxWwYCEeNdwY6Tv/cOSeGpcoX4pXHfKUxNKVoArnrEr2e9srnAxxGIraS9Q==
  dependencies:
    function-bind "^1.1.1"
    has "^1.0.3"
    has-symbols "^1.0.1"

get-stream@^6.0.1:
  version "6.0.1"
  resolved "https://registry.yarnpkg.com/get-stream/-/get-stream-6.0.1.tgz#a262d8eef67aced57c2852ad6167526a43cbf7b7"
  integrity sha512-ts6Wi+2j3jQjqi70w5AlN8DFnkSwC+MqmxEzdEALB2qXZYV3X/b1CTfgPLGJNMeAWxdPfU8FO1ms3NUfaHCPYg==

gl-matrix@^3.3.0:
  version "3.4.3"
  resolved "https://registry.yarnpkg.com/gl-matrix/-/gl-matrix-3.4.3.tgz#fc1191e8320009fd4d20e9339595c6041ddc22c9"
  integrity sha512-wcCp8vu8FT22BnvKVPjXa/ICBWRq/zjFfdofZy1WSpQZpphblv12/bOQLBC1rMM7SGOFS9ltVmKOHil5+Ml7gA==

grid-index@^1.1.0:
  version "1.1.0"
  resolved "https://registry.yarnpkg.com/grid-index/-/grid-index-1.1.0.tgz#97f8221edec1026c8377b86446a7c71e79522ea7"
  integrity sha512-HZRwumpOGUrHyxO5bqKZL0B0GlUpwtCAzZ42sgxUPniu33R1LSFH5yrIcBCHjkctCAh3mtWKcKd9J4vDDdeVHA==

has-symbols@^1.0.1:
  version "1.0.2"
  resolved "https://registry.yarnpkg.com/has-symbols/-/has-symbols-1.0.2.tgz#165d3070c00309752a1236a479331e3ac56f1423"
  integrity sha512-chXa79rL/UC2KlX17jo3vRGz0azaWEx5tGqZg5pO3NUyEJVB17dMruQlzCCOfUvElghKcm5194+BCRvi2Rv/Gw==

has@^1.0.3:
  version "1.0.3"
  resolved "https://registry.yarnpkg.com/has/-/has-1.0.3.tgz#722d7cbfc1f6aa8241f16dd814e011e1f41e8796"
  integrity sha512-f2dvO0VU6Oej7RkWJGrehjbzMAjFp5/VKPp5tTpWIV4JHHZK1/BxbFRtf/siA2SWTe09caDmVtYYzWEIbBS4zw==
  dependencies:
    function-bind "^1.1.1"

he@^1.2.0:
  version "1.2.0"
  resolved "https://registry.yarnpkg.com/he/-/he-1.2.0.tgz#84ae65fa7eafb165fddb61566ae14baf05664f0f"
  integrity sha512-F/1DnUGPopORZi0ni+CvrCgHQ5FyEAHRLSApuYWMmrbSwoN2Mn/7k+Gl38gJnR7yyDZk6WLXwiGod1JOWNDKGw==

html-encoding-sniffer@^3.0.0:
  version "3.0.0"
  resolved "https://registry.yarnpkg.com/html-encoding-sniffer/-/html-encoding-sniffer-3.0.0.tgz#2cb1a8cf0db52414776e5b2a7a04d5dd98158de9"
  integrity sha512-oWv4T4yJ52iKrufjnyZPkrN0CH3QnrUqdB6In1g5Fe1mia8GmF36gnfNySxoZtxD5+NmYw1EElVXiBk93UeskA==
  dependencies:
    whatwg-encoding "^2.0.0"

http-proxy@^1.18.1:
  version "1.18.1"
  resolved "https://registry.yarnpkg.com/http-proxy/-/http-proxy-1.18.1.tgz#401541f0534884bbf95260334e72f88ee3976549"
  integrity sha512-7mz/721AbnJwIVbnaSv1Cz3Am0ZLT/UBwkC92VlxhXv/k/BBQfM2fXElQNC27BVGr0uwUpplYPQM9LnaBMR5NQ==
  dependencies:
    eventemitter3 "^4.0.0"
    follow-redirects "^1.0.0"
    requires-port "^1.0.0"

http-server@^14.0.0:
  version "14.0.0"
  resolved "https://registry.yarnpkg.com/http-server/-/http-server-14.0.0.tgz#bd214952a60b93ce8ca9bbe8ba181faf7f9821b0"
  integrity sha512-XTePIXAo5x72bI8SlKFSqsg7UuSHwsOa4+RJIe56YeMUvfTvGDy7TxFkTEhfIRmM/Dnf6x29ut541ythSBZdkQ==
  dependencies:
    basic-auth "^2.0.1"
    colors "^1.4.0"
    corser "^2.0.1"
    he "^1.2.0"
    html-encoding-sniffer "^3.0.0"
    http-proxy "^1.18.1"
    mime "^1.6.0"
    minimist "^1.2.5"
    opener "^1.5.1"
    portfinder "^1.0.28"
    secure-compare "3.0.1"
    union "~0.5.0"
    url-join "^4.0.1"

iconv-lite@0.6.3:
  version "0.6.3"
  resolved "https://registry.yarnpkg.com/iconv-lite/-/iconv-lite-0.6.3.tgz#a52f80bf38da1952eb5c681790719871a1a72501"
  integrity sha512-4fCk79wshMdzMp2rH06qWrJE4iolqLhCUH+OiuIgU++RB0+94NlDL81atO7GX55uUKueo0txHNtvEyI6D7WdMw==
  dependencies:
    safer-buffer ">= 2.1.2 < 3.0.0"

ieee754@^1.1.12:
  version "1.2.1"
  resolved "https://registry.yarnpkg.com/ieee754/-/ieee754-1.2.1.tgz#8eb7a10a63fff25d15a57b001586d177d1b0d352"
  integrity sha512-dcyqhDvX1C46lXZcVqCpK+FtMRQVdIMN6/Df5js2zouUsqG7I6sFxitIC+7KYK29KdXOLHdu9zL4sFnoVQnqaA==

kdbush@^3.0.0:
  version "3.0.0"
  resolved "https://registry.yarnpkg.com/kdbush/-/kdbush-3.0.0.tgz#f8484794d47004cc2d85ed3a79353dbe0abc2bf0"
  integrity sha512-hRkd6/XW4HTsA9vjVpY9tuXJYLSlelnkTmVFu4M9/7MIYQtFcHpbugAU7UbOfjOiVSVYl2fqgBuJ32JUmRo5Ew==

lodash@^4.17.14:
  version "4.17.21"
  resolved "https://registry.yarnpkg.com/lodash/-/lodash-4.17.21.tgz#679591c564c3bffaae8454cf0b3df370c3d6911c"
  integrity sha512-v2kDEe57lecTulaDIuNTPy3Ry4gLGJ6Z1O3vE1krgXZNrsQ+LFTGHVxVjcXPs17LhbZVGedAJv8XZ1tvj5FvSg==

mapbox-gl@^2.6.1:
  version "2.6.1"
  resolved "https://registry.yarnpkg.com/mapbox-gl/-/mapbox-gl-2.6.1.tgz#de8aadeb16b157b732d174b51aeaba0223ab71bb"
  integrity sha512-faGbSZfcFuZ4GWwkWnJrRD3oICZAt/mVKnGuOmeBobCj9onfTRz270qSoOXeRBKd3po5VA2cCPI91YwA8DsAoQ==
  dependencies:
    "@mapbox/geojson-rewind" "^0.5.1"
    "@mapbox/geojson-types" "^1.0.2"
    "@mapbox/jsonlint-lines-primitives" "^2.0.2"
    "@mapbox/mapbox-gl-supported" "^2.0.0"
    "@mapbox/point-geometry" "^0.1.0"
    "@mapbox/tiny-sdf" "^2.0.2"
    "@mapbox/unitbezier" "^0.0.0"
    "@mapbox/vector-tile" "^1.3.1"
    "@mapbox/whoots-js" "^3.1.0"
    csscolorparser "~1.0.3"
    earcut "^2.2.3"
    geojson-vt "^3.2.1"
    gl-matrix "^3.3.0"
    grid-index "^1.1.0"
    minimist "^1.2.5"
    murmurhash-js "^1.0.0"
    pbf "^3.2.1"
    potpack "^1.0.1"
    quickselect "^2.0.0"
    rw "^1.3.3"
    supercluster "^7.1.4"
    tinyqueue "^2.0.3"
    vt-pbf "^3.1.3"

mime@^1.6.0:
  version "1.6.0"
  resolved "https://registry.yarnpkg.com/mime/-/mime-1.6.0.tgz#32cd9e5c64553bd58d19a568af452acff04981b1"
  integrity sha512-x0Vn8spI+wuJ1O6S7gnbaQg8Pxh4NNHb7KSINmEWKiPE4RKOplvijn+NkmYmmRgP68mc70j2EbeTFRsrswaQeg==

minimist@^1.2.5:
  version "1.2.5"
  resolved "https://registry.yarnpkg.com/minimist/-/minimist-1.2.5.tgz#67d66014b66a6a8aaa0c083c5fd58df4e4e97602"
  integrity sha512-FM9nNUYrRBAELZQT3xeZQ7fmMOBg6nWNmJKTcgsJeaLstP/UODVpGsr5OhXhhXg6f+qtJ8uiZ+PUxkDWcgIXLw==

mkdirp@^0.5.5:
  version "0.5.5"
  resolved "https://registry.yarnpkg.com/mkdirp/-/mkdirp-0.5.5.tgz#d91cefd62d1436ca0f41620e251288d420099def"
  integrity sha512-NKmAlESf6jMGym1++R0Ra7wvhV+wFW63FaSOFPwRahvea0gMUcGUhVeAg/0BC0wiv9ih5NYPB1Wn1UEI1/L+xQ==
  dependencies:
    minimist "^1.2.5"

ms@^2.1.1:
  version "2.1.3"
  resolved "https://registry.yarnpkg.com/ms/-/ms-2.1.3.tgz#574c8138ce1d2b5861f0b44579dbadd60c6615b2"
  integrity sha512-6FlzubTLZG3J2a/NVCAleEhjzq5oxgHyaCU9yYXvcLsvoVaHJq/s5xXI6/XXP6tz7R9xAOtHnSO/tXtF3WRTlA==

murmurhash-js@^1.0.0:
  version "1.0.0"
  resolved "https://registry.yarnpkg.com/murmurhash-js/-/murmurhash-js-1.0.0.tgz#b06278e21fc6c37fa5313732b0412bcb6ae15f51"
  integrity sha1-sGJ44h/Gw3+lMTcysEEry2rhX1E=

object-inspect@^1.9.0:
  version "1.11.1"
  resolved "https://registry.yarnpkg.com/object-inspect/-/object-inspect-1.11.1.tgz#d4bd7d7de54b9a75599f59a00bd698c1f1c6549b"
  integrity sha512-If7BjFlpkzzBeV1cqgT3OSWT3azyoxDGajR+iGnFBfVV2EWyDyWaZZW2ERDjUaY2QM8i5jI3Sj7mhsM4DDAqWA==

opener@^1.5.1:
  version "1.5.2"
  resolved "https://registry.yarnpkg.com/opener/-/opener-1.5.2.tgz#5d37e1f35077b9dcac4301372271afdeb2a13598"
  integrity sha512-ur5UIdyw5Y7yEj9wLzhqXiy6GZ3Mwx0yGI+5sMn2r0N0v3cKJvUmFH5yPP+WXh9e0xfyzyJX95D8l088DNFj7A==

pbf@^3.2.1:
  version "3.2.1"
  resolved "https://registry.yarnpkg.com/pbf/-/pbf-3.2.1.tgz#b4c1b9e72af966cd82c6531691115cc0409ffe2a"
  integrity sha512-ClrV7pNOn7rtmoQVF4TS1vyU0WhYRnP92fzbfF75jAIwpnzdJXf8iTd4CMEqO4yUenH6NDqLiwjqlh6QgZzgLQ==
  dependencies:
    ieee754 "^1.1.12"
    resolve-protobuf-schema "^2.1.0"

portfinder@^1.0.28:
  version "1.0.28"
  resolved "https://registry.yarnpkg.com/portfinder/-/portfinder-1.0.28.tgz#67c4622852bd5374dd1dd900f779f53462fac778"
  integrity sha512-Se+2isanIcEqf2XMHjyUKskczxbPH7dQnlMjXX6+dybayyHvAf/TCgyMRlzf/B6QDhAEFOGes0pzRo3by4AbMA==
  dependencies:
    async "^2.6.2"
    debug "^3.1.1"
    mkdirp "^0.5.5"

potpack@^1.0.1:
  version "1.0.2"
  resolved "https://registry.yarnpkg.com/potpack/-/potpack-1.0.2.tgz#23b99e64eb74f5741ffe7656b5b5c4ddce8dfc14"
  integrity sha512-choctRBIV9EMT9WGAZHn3V7t0Z2pMQyl0EZE6pFc/6ml3ssw7Dlf/oAOvFwjm1HVsqfQN8GfeFyJ+d8tRzqueQ==

protocol-buffers-schema@^3.3.1:
  version "3.6.0"
  resolved "https://registry.yarnpkg.com/protocol-buffers-schema/-/protocol-buffers-schema-3.6.0.tgz#77bc75a48b2ff142c1ad5b5b90c94cd0fa2efd03"
  integrity sha512-TdDRD+/QNdrCGCE7v8340QyuXd4kIWIgapsE2+n/SaGiSSbomYl4TjHlvIoCWRpE7wFt02EpB35VVA2ImcBVqw==

qs@^6.4.0:
  version "6.10.2"
  resolved "https://registry.yarnpkg.com/qs/-/qs-6.10.2.tgz#c1431bea37fc5b24c5bdbafa20f16bdf2a4b9ffe"
  integrity sha512-mSIdjzqznWgfd4pMii7sHtaYF8rx8861hBO80SraY5GT0XQibWZWJSid0avzHGkDIZLImux2S5mXO0Hfct2QCw==
  dependencies:
    side-channel "^1.0.4"

quickselect@^2.0.0:
  version "2.0.0"
  resolved "https://registry.yarnpkg.com/quickselect/-/quickselect-2.0.0.tgz#f19680a486a5eefb581303e023e98faaf25dd018"
  integrity sha512-RKJ22hX8mHe3Y6wH/N3wCM6BWtjaxIyyUIkpHOvfFnxdI4yD4tBXEBKSbriGujF6jnSVkJrffuo6vxACiSSxIw==

requires-port@^1.0.0:
  version "1.0.0"
  resolved "https://registry.yarnpkg.com/requires-port/-/requires-port-1.0.0.tgz#925d2601d39ac485e091cf0da5c6e694dc3dcaff"
  integrity sha1-kl0mAdOaxIXgkc8NpcbmlNw9yv8=

resolve-protobuf-schema@^2.1.0:
  version "2.1.0"
  resolved "https://registry.yarnpkg.com/resolve-protobuf-schema/-/resolve-protobuf-schema-2.1.0.tgz#9ca9a9e69cf192bbdaf1006ec1973948aa4a3758"
  integrity sha512-kI5ffTiZWmJaS/huM8wZfEMer1eRd7oJQhDuxeCLe3t7N7mX3z94CN0xPxBQxFYQTSNz9T0i+v6inKqSdK8xrQ==
  dependencies:
    protocol-buffers-schema "^3.3.1"

rw@^1.3.3:
  version "1.3.3"
  resolved "https://registry.yarnpkg.com/rw/-/rw-1.3.3.tgz#3f862dfa91ab766b14885ef4d01124bfda074fb4"
  integrity sha1-P4Yt+pGrdmsUiF700BEkv9oHT7Q=

safe-buffer@5.1.2:
  version "5.1.2"
  resolved "https://registry.yarnpkg.com/safe-buffer/-/safe-buffer-5.1.2.tgz#991ec69d296e0313747d59bdfd2b745c35f8828d"
  integrity sha512-Gd2UZBJDkXlY7GbJxfsE8/nvKkUEU1G38c1siN6QP6a9PT9MmHB8GnpscSmMJSoF8LOIrt8ud/wPtojys4G6+g==

"safer-buffer@>= 2.1.2 < 3.0.0":
  version "2.1.2"
  resolved "https://registry.yarnpkg.com/safer-buffer/-/safer-buffer-2.1.2.tgz#44fa161b0187b9549dd84bb91802f9bd8385cd6a"
  integrity sha512-YZo3K82SD7Riyi0E1EQPojLz7kpepnSQI9IyPbHHg1XXXevb5dJI7tpyN2ADxGcQbHG7vcyRHk0cbwqcQriUtg==

secure-compare@3.0.1:
  version "3.0.1"
  resolved "https://registry.yarnpkg.com/secure-compare/-/secure-compare-3.0.1.tgz#f1a0329b308b221fae37b9974f3d578d0ca999e3"
  integrity sha1-8aAymzCLIh+uN7mXTz1XjQypmeM=

side-channel@^1.0.4:
  version "1.0.4"
  resolved "https://registry.yarnpkg.com/side-channel/-/side-channel-1.0.4.tgz#efce5c8fdc104ee751b25c58d4290011fa5ea2cf"
  integrity sha512-q5XPytqFEIKHkGdiMIrY10mvLRvnQh42/+GoBlFW3b2LXLE2xxJpZFdm94we0BaoV3RwJyGqg5wS7epxTv0Zvw==
  dependencies:
    call-bind "^1.0.0"
    get-intrinsic "^1.0.2"
    object-inspect "^1.9.0"

supercluster@^7.1.4:
  version "7.1.4"
  resolved "https://registry.yarnpkg.com/supercluster/-/supercluster-7.1.4.tgz#6762aabfd985d3390b49f13b815567d5116a828a"
  integrity sha512-GhKkRM1jMR6WUwGPw05fs66pOFWhf59lXq+Q3J3SxPvhNcmgOtLRV6aVQPMRsmXdpaeFJGivt+t7QXUPL3ff4g==
  dependencies:
    kdbush "^3.0.0"

tinyqueue@^2.0.3:
  version "2.0.3"
  resolved "https://registry.yarnpkg.com/tinyqueue/-/tinyqueue-2.0.3.tgz#64d8492ebf39e7801d7bd34062e29b45b2035f08"
  integrity sha512-ppJZNDuKGgxzkHihX8v9v9G5f+18gzaTfrukGrq6ueg0lmH4nqVnA2IPG0AEH3jKEk2GRJCUhDoqpoiw3PHLBA==

union@~0.5.0:
  version "0.5.0"
  resolved "https://registry.yarnpkg.com/union/-/union-0.5.0.tgz#b2c11be84f60538537b846edb9ba266ba0090075"
  integrity sha512-N6uOhuW6zO95P3Mel2I2zMsbsanvvtgn6jVqJv4vbVcz/JN0OkL9suomjQGmWtxJQXOCqUJvquc1sMeNz/IwlA==
  dependencies:
    qs "^6.4.0"

url-join@^4.0.1:
  version "4.0.1"
  resolved "https://registry.yarnpkg.com/url-join/-/url-join-4.0.1.tgz#b642e21a2646808ffa178c4c5fda39844e12cde7"
  integrity sha512-jk1+QP6ZJqyOiuEI9AEWQfju/nB2Pw466kbA0LEZljHwKeMgd9WrAEgEGxjPDD2+TNbbb37rTyhEfrCXfuKXnA==

vt-pbf@^3.1.3:
  version "3.1.3"
  resolved "https://registry.yarnpkg.com/vt-pbf/-/vt-pbf-3.1.3.tgz#68fd150756465e2edae1cc5c048e063916dcfaac"
  integrity sha512-2LzDFzt0mZKZ9IpVF2r69G9bXaP2Q2sArJCmcCgvfTdCCZzSyz4aCLoQyUilu37Ll56tCblIZrXFIjNUpGIlmA==
  dependencies:
    "@mapbox/point-geometry" "0.1.0"
    "@mapbox/vector-tile" "^1.3.1"
    pbf "^3.2.1"

whatwg-encoding@^2.0.0:
  version "2.0.0"
  resolved "https://registry.yarnpkg.com/whatwg-encoding/-/whatwg-encoding-2.0.0.tgz#e7635f597fd87020858626805a2729fa7698ac53"
  integrity sha512-p41ogyeMUrw3jWclHWTQg1k05DSVXPLcVxRTYsXUk+ZooOCZLcoYgPZ/HL/D/N+uQPOtcp1me1WhBEaX02mhWg==
  dependencies:
    iconv-lite "0.6.3"
